
Microsoft Visual Studio Solution File, Format Version 12.00
# Visual Studio Version 17
VisualStudioVersion = 17.10.35013.160
MinimumVisualStudioVersion = 10.0.40219.1
Project("{FAE04EC0-301F-11D3-BF4B-00C04F79EFBC}") = "Listing09_05", "Listing09_05.csproj", "{BD95C006-469D-4A48-89EE-03C27C01D9F8}"
EndProject
Global
	GlobalSection(SolutionConfigurationPlatforms) = preSolution
		Debug|Any CPU = Debug|Any CPU
		Release|Any CPU = Release|Any CPU
	EndGlobalSection
	GlobalSection(ProjectConfigurationPlatforms) = postSolution
		{BD95C006-469D-4A48-89EE-03C27C01D9F8}.Debug|Any CPU.ActiveCfg = Debug|Any CPU
		{BD95C006-469D-4A48-89EE-03C27C01D9F8}.Debug|Any CPU.Build.0 = Debug|Any CPU
		{BD95C006-469D-4A48-89EE-03C27C01D9F8}.Release|Any CPU.ActiveCfg = Release|Any CPU
		{BD95C006-469D-4A48-89EE-03C27C01D9F8}.Release|Any CPU.Build.0 = Release|Any CPU
	EndGlobalSection
	GlobalSection(SolutionProperties) = preSolution
		HideSolutionNode = FALSE
	EndGlobalSection
	GlobalSection(ExtensibilityGlobals) = postSolution
		SolutionGuid = {F8C0767F-5FE3-4459-8A15-D5160AB5856B}
	EndGlobalSection
EndGlobal
