
Microsoft Visual Studio Solution File, Format Version 12.00
# Visual Studio Version 17
VisualStudioVersion = 17.10.35013.160
MinimumVisualStudioVersion = 10.0.40219.1
Project("{FAE04EC0-301F-11D3-BF4B-00C04F79EFBC}") = "Listing09_03", "Listing09_03.csproj", "{FAC66002-7E4A-4B35-930E-30A26ABC1916}"
EndProject
Global
	GlobalSection(SolutionConfigurationPlatforms) = preSolution
		Debug|Any CPU = Debug|Any CPU
		Release|Any CPU = Release|Any CPU
	EndGlobalSection
	GlobalSection(ProjectConfigurationPlatforms) = postSolution
		{FAC66002-7E4A-4B35-930E-30A26ABC1916}.Debug|Any CPU.ActiveCfg = Debug|Any CPU
		{FAC66002-7E4A-4B35-930E-30A26ABC1916}.Debug|Any CPU.Build.0 = Debug|Any CPU
		{FAC66002-7E4A-4B35-930E-30A26ABC1916}.Release|Any CPU.ActiveCfg = Release|Any CPU
		{FAC66002-7E4A-4B35-930E-30A26ABC1916}.Release|Any CPU.Build.0 = Release|Any CPU
	EndGlobalSection
	GlobalSection(SolutionProperties) = preSolution
		HideSolutionNode = FALSE
	EndGlobalSection
	GlobalSection(ExtensibilityGlobals) = postSolution
		SolutionGuid = {96D11E0C-6586-4CA9-B686-4ED1B5990EA4}
	EndGlobalSection
EndGlobal
