
Microsoft Visual Studio Solution File, Format Version 12.00
# Visual Studio Version 17
VisualStudioVersion = 17.10.35013.160
MinimumVisualStudioVersion = 10.0.40219.1
Project("{FAE04EC0-301F-11D3-BF4B-00C04F79EFBC}") = "Listing09_09", "Listing09_09.csproj", "{9AB670BA-FACE-4D85-9266-1F880433DA14}"
EndProject
Global
	GlobalSection(SolutionConfigurationPlatforms) = preSolution
		Debug|Any CPU = Debug|Any CPU
		Release|Any CPU = Release|Any CPU
	EndGlobalSection
	GlobalSection(ProjectConfigurationPlatforms) = postSolution
		{9AB670BA-FACE-4D85-9266-1F880433DA14}.Debug|Any CPU.ActiveCfg = Debug|Any CPU
		{9AB670BA-FACE-4D85-9266-1F880433DA14}.Debug|Any CPU.Build.0 = Debug|Any CPU
		{9AB670BA-FACE-4D85-9266-1F880433DA14}.Release|Any CPU.ActiveCfg = Release|Any CPU
		{9AB670BA-FACE-4D85-9266-1F880433DA14}.Release|Any CPU.Build.0 = Release|Any CPU
	EndGlobalSection
	GlobalSection(SolutionProperties) = preSolution
		HideSolutionNode = FALSE
	EndGlobalSection
	GlobalSection(ExtensibilityGlobals) = postSolution
		SolutionGuid = {11E94091-696B-4C61-B768-9AFD1720656A}
	EndGlobalSection
EndGlobal
